
Microsoft Visual Studio Solution File, Format Version 12.00
# Visual Studio Version 16
VisualStudioVersion = 16.0.30804.86
MinimumVisualStudioVersion = 10.0.40219.1
Project("{9A19103F-16F7-4668-BE54-9A1E7A4F7556}") = "AliceAppraisal", "src\AliceAppraisal.csproj", "{19AF250C-A903-482A-872F-F192BC27EEE6}"
EndProject
Project("{9A19103F-16F7-4668-BE54-9A1E7A4F7556}") = "AliceUnitTests", "tests\AliceUnitTests\AliceUnitTests.csproj", "{027DB1F3-4746-44F3-999D-6F85A521CC76}"
EndProject
Project("{2150E333-8FDC-42A3-9474-1A3956D46DE8}") = "Data", "Data", "{8EF4283B-9EBA-4D29-95D2-612F364C8975}"
	ProjectSection(SolutionItems) = preProject
		data\entities.txt = data\entities.txt
	EndProjectSection
EndProject
Project("{2150E333-8FDC-42A3-9474-1A3956D46DE8}") = "Delpoy", "Delpoy", "{474F50B1-28BD-4038-B6F7-BA3B25193444}"
	ProjectSection(SolutionItems) = preProject
		deploy.ps1 = deploy.ps1
	EndProjectSection
EndProject
Global
	GlobalSection(SolutionConfigurationPlatforms) = preSolution
		Debug|Any CPU = Debug|Any CPU
		Release|Any CPU = Release|Any CPU
	EndGlobalSection
	GlobalSection(ProjectConfigurationPlatforms) = postSolution
		{19AF250C-A903-482A-872F-F192BC27EEE6}.Debug|Any CPU.ActiveCfg = Debug|Any CPU
		{19AF250C-A903-482A-872F-F192BC27EEE6}.Debug|Any CPU.Build.0 = Debug|Any CPU
		{19AF250C-A903-482A-872F-F192BC27EEE6}.Release|Any CPU.ActiveCfg = Release|Any CPU
		{19AF250C-A903-482A-872F-F192BC27EEE6}.Release|Any CPU.Build.0 = Release|Any CPU
		{027DB1F3-4746-44F3-999D-6F85A521CC76}.Debug|Any CPU.ActiveCfg = Debug|Any CPU
		{027DB1F3-4746-44F3-999D-6F85A521CC76}.Debug|Any CPU.Build.0 = Debug|Any CPU
		{027DB1F3-4746-44F3-999D-6F85A521CC76}.Release|Any CPU.ActiveCfg = Release|Any CPU
	EndGlobalSection
	GlobalSection(SolutionProperties) = preSolution
		HideSolutionNode = FALSE
	EndGlobalSection
	GlobalSection(ExtensibilityGlobals) = postSolution
		SolutionGuid = {D7B8C1D8-E8DD-49BB-B914-58EBDD5226A5}
	EndGlobalSection
EndGlobal
